
Microsoft Visual Studio Solution File, Format Version 12.00
# Visual Studio Version 16
VisualStudioVersion = 16.0.29806.167
MinimumVisualStudioVersion = 10.0.40219.1
Project("{FAE04EC0-301F-11D3-BF4B-00C04F79EFBC}") = "WebApASPNetCoreDemo1", "WebApASPNetCoreDemo1.csproj", "{69BF74BF-07B0-428C-BD12-DD0B1E5F6980}"
EndProject
Global
	GlobalSection(SolutionConfigurationPlatforms) = preSolution
		Debug|Any CPU = Debug|Any CPU
		Release|Any CPU = Release|Any CPU
	EndGlobalSection
	GlobalSection(ProjectConfigurationPlatforms) = postSolution
		{69BF74BF-07B0-428C-BD12-DD0B1E5F6980}.Debug|Any CPU.ActiveCfg = Debug|Any CPU
		{69BF74BF-07B0-428C-BD12-DD0B1E5F6980}.Debug|Any CPU.Build.0 = Debug|Any CPU
		{69BF74BF-07B0-428C-BD12-DD0B1E5F6980}.Release|Any CPU.ActiveCfg = Release|Any CPU
		{69BF74BF-07B0-428C-BD12-DD0B1E5F6980}.Release|Any CPU.Build.0 = Release|Any CPU
	EndGlobalSection
	GlobalSection(SolutionProperties) = preSolution
		HideSolutionNode = FALSE
	EndGlobalSection
	GlobalSection(ExtensibilityGlobals) = postSolution
		SolutionGuid = {DBD28D68-F05A-4670-94C1-3F238423B4F3}
	EndGlobalSection
EndGlobal
